{
  "originHash" : "6e25c0693230baab91cf5a7e30367af2fa1fff29dc20d65d97e33aa5c65d5ad0",
  "pins" : [
    {
      "identity" : "nuke",
      "kind" : "remoteSourceControl",
      "location" : "https://github.com/kean/Nuke.git",
      "state" : {
        "revision" : "7395c7a9dcd390bbcfad17a731d8d529602702c6",
        "version" : "12.7.0"
      }
    }
  ],
  "version" : 3
}
